
Microsoft Visual Studio Solution File, Format Version 12.00
# Visual Studio Version 17
VisualStudioVersion = 17.9.34701.34
MinimumVisualStudioVersion = 10.0.40219.1
Project("{9A19103F-16F7-4668-BE54-9A1E7A4F7556}") = "FluentFactories.Autofac", "FluentFactories.Autofac\FluentFactories.Autofac.csproj", "{81E10529-DEF0-41C7-A4C7-C41DFD56352B}"
EndProject
Project("{FAE04EC0-301F-11D3-BF4B-00C04F79EFBC}") = "FluentFactories.Autofac.Tests", "FluentFactories.Autofac.Tests\FluentFactories.Autofac.Tests.csproj", "{C522A9CF-430E-463F-A967-9998AB9AE4C8}"
EndProject
Project("{FAE04EC0-301F-11D3-BF4B-00C04F79EFBC}") = "FluentFactories.Sut", "FluentFactories.Sut\FluentFactories.Sut.csproj", "{ECF5DA27-49E9-4F5E-9ECC-FB9EAF148281}"
EndProject
Global
	GlobalSection(SolutionConfigurationPlatforms) = preSolution
		Debug|Any CPU = Debug|Any CPU
		Release|Any CPU = Release|Any CPU
	EndGlobalSection
	GlobalSection(ProjectConfigurationPlatforms) = postSolution
		{81E10529-DEF0-41C7-A4C7-C41DFD56352B}.Debug|Any CPU.ActiveCfg = Debug|Any CPU
		{81E10529-DEF0-41C7-A4C7-C41DFD56352B}.Debug|Any CPU.Build.0 = Debug|Any CPU
		{81E10529-DEF0-41C7-A4C7-C41DFD56352B}.Release|Any CPU.ActiveCfg = Release|Any CPU
		{81E10529-DEF0-41C7-A4C7-C41DFD56352B}.Release|Any CPU.Build.0 = Release|Any CPU
		{C522A9CF-430E-463F-A967-9998AB9AE4C8}.Debug|Any CPU.ActiveCfg = Debug|Any CPU
		{C522A9CF-430E-463F-A967-9998AB9AE4C8}.Debug|Any CPU.Build.0 = Debug|Any CPU
		{C522A9CF-430E-463F-A967-9998AB9AE4C8}.Release|Any CPU.ActiveCfg = Release|Any CPU
		{C522A9CF-430E-463F-A967-9998AB9AE4C8}.Release|Any CPU.Build.0 = Release|Any CPU
		{ECF5DA27-49E9-4F5E-9ECC-FB9EAF148281}.Debug|Any CPU.ActiveCfg = Debug|Any CPU
		{ECF5DA27-49E9-4F5E-9ECC-FB9EAF148281}.Debug|Any CPU.Build.0 = Debug|Any CPU
		{ECF5DA27-49E9-4F5E-9ECC-FB9EAF148281}.Release|Any CPU.ActiveCfg = Release|Any CPU
		{ECF5DA27-49E9-4F5E-9ECC-FB9EAF148281}.Release|Any CPU.Build.0 = Release|Any CPU
	EndGlobalSection
	GlobalSection(SolutionProperties) = preSolution
		HideSolutionNode = FALSE
	EndGlobalSection
	GlobalSection(ExtensibilityGlobals) = postSolution
		SolutionGuid = {2A9B29FC-F38D-448F-97E8-93083565DB58}
	EndGlobalSection
EndGlobal
